# THIS IS AN AUTOGENERATED FILE. DO NOT EDIT THIS FILE DIRECTLY.
# yarn lockfile v1


amdefine@>=0.0.4:
  version "1.0.1"
  resolved "https://registry.yarnpkg.com/amdefine/-/amdefine-1.0.1.tgz#4a5282ac164729e93619bcfd3ad151f817ce91f5"
  integrity sha1-SlKCrBZHKek2Gbz9OtFR+BfOkfU=

async@~0.2.6:
  version "0.2.10"
  resolved "https://registry.yarnpkg.com/async/-/async-0.2.10.tgz#b6bbe0b0674b9d719708ca38de8c237cb526c3d1"
  integrity sha1-trvgsGdLnXGXCMo43owjfLUmw9E=

camelcase@^1.0.2:
  version "1.2.1"
  resolved "https://registry.yarnpkg.com/camelcase/-/camelcase-1.2.1.tgz#9bb5304d2e0b56698b2c758b08a3eaa9daa58a39"
  integrity sha1-m7UwTS4LVmmLLHWLCKPqqdqlijk=

decamelize@^1.0.0:
  version "1.2.0"
  resolved "https://registry.yarnpkg.com/decamelize/-/decamelize-1.2.0.tgz#f6534d15148269b20352e7bee26f501f9a191290"
  integrity sha1-9lNNFRSCabIDUue+4m9QH5oZEpA=

jake@0.7.x:
  version "0.7.20"
  resolved "https://registry.yarnpkg.com/jake/-/jake-0.7.20.tgz#73d2fa372d9b475f11abeaa6e7ff30d950c186b2"
  integrity sha1-c9L6Ny2bR18Rq+qm5/8w2VDBhrI=
  dependencies:
    minimatch "0.2.x"
    utilities "0.0.x"

jsesc@~0.3.x:
  version "0.3.0"
  resolved "https://registry.yarnpkg.com/jsesc/-/jsesc-0.3.0.tgz#1bf5ee63b4539fe2e26d0c1e99c240b97a457972"
  integrity sha1-G/XuY7RTn+LibQwemcJAuXpFeXI=

lodash._basebind@~2.3.0:
  version "2.3.0"
  resolved "https://registry.yarnpkg.com/lodash._basebind/-/lodash._basebind-2.3.0.tgz#2b5bc452a0e106143b21869f233bdb587417d248"
  integrity sha1-K1vEUqDhBhQ7IYafIzvbWHQX0kg=
  dependencies:
    lodash._basecreate "~2.3.0"
    lodash._setbinddata "~2.3.0"
    lodash.isobject "~2.3.0"

lodash._basecreate@~2.3.0:
  version "2.3.0"
  resolved "https://registry.yarnpkg.com/lodash._basecreate/-/lodash._basecreate-2.3.0.tgz#9b88a86a4dcff7b7f3c61d83a2fcfc0671ec9de0"
  integrity sha1-m4ioak3P97fzxh2Dovz8BnHsneA=
  dependencies:
    lodash._renative "~2.3.0"
    lodash.isobject "~2.3.0"
    lodash.noop "~2.3.0"

lodash._basecreatecallback@~2.3.0:
  version "2.3.0"
  resolved "https://registry.yarnpkg.com/lodash._basecreatecallback/-/lodash._basecreatecallback-2.3.0.tgz#37b2ab17591a339e988db3259fcd46019d7ac362"
  integrity sha1-N7KrF1kaM56YjbMln81GAZ16w2I=
  dependencies:
    lodash._setbinddata "~2.3.0"
    lodash.bind "~2.3.0"
    lodash.identity "~2.3.0"
    lodash.support "~2.3.0"

lodash._basecreatewrapper@~2.3.0:
  version "2.3.0"
  resolved "https://registry.yarnpkg.com/lodash._basecreatewrapper/-/lodash._basecreatewrapper-2.3.0.tgz#aa0c61ad96044c3933376131483a9759c3651247"
  integrity sha1-qgxhrZYETDkzN2ExSDqXWcNlEkc=
  dependencies:
    lodash._basecreate "~2.3.0"
    lodash._setbinddata "~2.3.0"
    lodash._slice "~2.3.0"
    lodash.isobject "~2.3.0"

lodash._createwrapper@~2.3.0:
  version "2.3.0"
  resolved "https://registry.yarnpkg.com/lodash._createwrapper/-/lodash._createwrapper-2.3.0.tgz#d1aae1102dadf440e8e06fc133a6edd7fe146075"
  integrity sha1-0arhEC2t9EDo4G/BM6bt1/4UYHU=
  dependencies:
    lodash._basebind "~2.3.0"
    lodash._basecreatewrapper "~2.3.0"
    lodash.isfunction "~2.3.0"

lodash._escapehtmlchar@~2.3.0:
  version "2.3.0"
  resolved "https://registry.yarnpkg.com/lodash._escapehtmlchar/-/lodash._escapehtmlchar-2.3.0.tgz#d03da6bd82eedf38dc0a5b503d740ecd0e894592"
  integrity sha1-0D2mvYLu3zjcCltQPXQOzQ6JRZI=
  dependencies:
    lodash._htmlescapes "~2.3.0"

lodash._escapestringchar@~2.3.0:
  version "2.3.0"
  resolved "https://registry.yarnpkg.com/lodash._escapestringchar/-/lodash._escapestringchar-2.3.0.tgz#cce73ae60fc6da55d2bf8a0679c23ca2bab149fc"
  integrity sha1-zOc65g/G2lXSv4oGecI8orqxSfw=

lodash._htmlescapes@~2.3.0:
  version "2.3.0"
  resolved "https://registry.yarnpkg.com/lodash._htmlescapes/-/lodash._htmlescapes-2.3.0.tgz#1ca98863cadf1fa1d82c84f35f31e40556a04f3a"
  integrity sha1-HKmIY8rfH6HYLITzXzHkBVagTzo=

lodash._objecttypes@~2.3.0:
  version "2.3.0"
  resolved "https://registry.yarnpkg.com/lodash._objecttypes/-/lodash._objecttypes-2.3.0.tgz#6a3ea3987dd6eeb8021b2d5c9c303549cc2bae1e"
  integrity sha1-aj6jmH3W7rgCGy1cnDA1Scwrrh4=

lodash._reinterpolate@~2.3.0:
  version "2.3.0"
  resolved "https://registry.yarnpkg.com/lodash._reinterpolate/-/lodash._reinterpolate-2.3.0.tgz#03ee9d85c0e55cbd590d71608a295bdda51128ec"
  integrity sha1-A+6dhcDlXL1ZDXFgiilb3aURKOw=

lodash._renative@~2.3.0:
  version "2.3.0"
  resolved "https://registry.yarnpkg.com/lodash._renative/-/lodash._renative-2.3.0.tgz#77d8edd4ced26dd5971f9e15a5f772e4e317fbd3"
  integrity sha1-d9jt1M7SbdWXH54Vpfdy5OMX+9M=

lodash._reunescapedhtml@~2.3.0:
  version "2.3.0"
  resolved "https://registry.yarnpkg.com/lodash._reunescapedhtml/-/lodash._reunescapedhtml-2.3.0.tgz#db920b55ac7f3ff825939aceb9ba2c231713d24d"
  integrity sha1-25ILVax/P/glk5rOubosIxcT0k0=
  dependencies:
    lodash._htmlescapes "~2.3.0"
    lodash.keys "~2.3.0"

lodash._setbinddata@~2.3.0:
  version "2.3.0"
  resolved "https://registry.yarnpkg.com/lodash._setbinddata/-/lodash._setbinddata-2.3.0.tgz#e5610490acd13277d59858d95b5f2727f1508f04"
  integrity sha1-5WEEkKzRMnfVmFjZW18nJ/FQjwQ=
  dependencies:
    lodash._renative "~2.3.0"
    lodash.noop "~2.3.0"

lodash._shimkeys@~2.3.0:
  version "2.3.0"
  resolved "https://registry.yarnpkg.com/lodash._shimkeys/-/lodash._shimkeys-2.3.0.tgz#611f93149e3e6c721096b48769ef29537ada8ba9"
  integrity sha1-YR+TFJ4+bHIQlrSHae8pU3rai6k=
  dependencies:
    lodash._objecttypes "~2.3.0"

lodash._slice@~2.3.0:
  version "2.3.0"
  resolved "https://registry.yarnpkg.com/lodash._slice/-/lodash._slice-2.3.0.tgz#147198132859972e4680ca29a5992c855669aa5c"
  integrity sha1-FHGYEyhZly5GgMoppZkshVZpqlw=

lodash.bind@~2.3.0:
  version "2.3.0"
  resolved "https://registry.yarnpkg.com/lodash.bind/-/lodash.bind-2.3.0.tgz#c2a8e18b68e5ecc152e2b168266116fea5b016cc"
  integrity sha1-wqjhi2jl7MFS4rFoJmEW/qWwFsw=
  dependencies:
    lodash._createwrapper "~2.3.0"
    lodash._renative "~2.3.0"
    lodash._slice "~2.3.0"

lodash.defaults@~2.3.0:
  version "2.3.0"
  resolved "https://registry.yarnpkg.com/lodash.defaults/-/lodash.defaults-2.3.0.tgz#a832b001f138f3bb9721c2819a2a7cc5ae21ed25"
  integrity sha1-qDKwAfE487uXIcKBmip8xa4h7SU=
  dependencies:
    lodash._objecttypes "~2.3.0"
    lodash.keys "~2.3.0"

lodash.escape@~2.3.0:
  version "2.3.0"
  resolved "https://registry.yarnpkg.com/lodash.escape/-/lodash.escape-2.3.0.tgz#844c38c58f844e1362ebe96726159b62cf5f2a58"
  integrity sha1-hEw4xY+EThNi6+lnJhWbYs9fKlg=
  dependencies:
    lodash._escapehtmlchar "~2.3.0"
    lodash._reunescapedhtml "~2.3.0"
    lodash.keys "~2.3.0"

lodash.foreach@~2.3.x:
  version "2.3.0"
  resolved "https://registry.yarnpkg.com/lodash.foreach/-/lodash.foreach-2.3.0.tgz#083404c91e846ee77245fdf9d76519c68b2af168"
  integrity sha1-CDQEyR6EbudyRf3512UZxosq8Wg=
  dependencies:
    lodash._basecreatecallback "~2.3.0"
    lodash.forown "~2.3.0"

lodash.forown@~2.3.0:
  version "2.3.0"
  resolved "https://registry.yarnpkg.com/lodash.forown/-/lodash.forown-2.3.0.tgz#24fb4aaf800d45fc2dc60bfec3ce04c836a3ad7f"
  integrity sha1-JPtKr4ANRfwtxgv+w84EyDajrX8=
  dependencies:
    lodash._basecreatecallback "~2.3.0"
    lodash._objecttypes "~2.3.0"
    lodash.keys "~2.3.0"

lodash.identity@~2.3.0:
  version "2.3.0"
  resolved "https://registry.yarnpkg.com/lodash.identity/-/lodash.identity-2.3.0.tgz#6b01a210c9485355c2a913b48b6711219a173ded"
  integrity sha1-awGiEMlIU1XCqRO0i2cRIZoXPe0=

lodash.isfunction@~2.3.0:
  version "2.3.0"
  resolved "https://registry.yarnpkg.com/lodash.isfunction/-/lodash.isfunction-2.3.0.tgz#6b2973e47a647cf12e70d676aea13643706e5267"
  integrity sha1-aylz5HpkfPEucNZ2rqE2Q3BuUmc=

lodash.isobject@~2.3.0:
  version "2.3.0"
  resolved "https://registry.yarnpkg.com/lodash.isobject/-/lodash.isobject-2.3.0.tgz#2e16d3fc583da9831968953f2d8e6d73434f6799"
  integrity sha1-LhbT/Fg9qYMZaJU/LY5tc0NPZ5k=
  dependencies:
    lodash._objecttypes "~2.3.0"

lodash.keys@~2.3.0:
  version "2.3.0"
  resolved "https://registry.yarnpkg.com/lodash.keys/-/lodash.keys-2.3.0.tgz#b350f4f92caa9f45a4a2ecf018454cf2f28ae253"
  integrity sha1-s1D0+Syqn0WkouzwGEVM8vKK4lM=
  dependencies:
    lodash._renative "~2.3.0"
    lodash._shimkeys "~2.3.0"
    lodash.isobject "~2.3.0"

lodash.noop@~2.3.0:
  version "2.3.0"
  resolved "https://registry.yarnpkg.com/lodash.noop/-/lodash.noop-2.3.0.tgz#3059d628d51bbf937cd2a0b6fc3a7f212a669c2c"
  integrity sha1-MFnWKNUbv5N80qC2/Dp/ISpmnCw=

lodash.support@~2.3.0:
  version "2.3.0"
  resolved "https://registry.yarnpkg.com/lodash.support/-/lodash.support-2.3.0.tgz#7eaf038af4f0d6aab776b44aa6dcfc80334c9bfd"
  integrity sha1-fq8DivTw1qq3drRKptz8gDNMm/0=
  dependencies:
    lodash._renative "~2.3.0"

lodash.template@~2.3.x:
  version "2.3.0"
  resolved "https://registry.yarnpkg.com/lodash.template/-/lodash.template-2.3.0.tgz#4e3e29c433b4cfea675ec835e6f12391c61fd22b"
  integrity sha1-Tj4pxDO0z+pnXsg15vEjkcYf0is=
  dependencies:
    lodash._escapestringchar "~2.3.0"
    lodash._reinterpolate "~2.3.0"
    lodash.defaults "~2.3.0"
    lodash.escape "~2.3.0"
    lodash.keys "~2.3.0"
    lodash.templatesettings "~2.3.0"
    lodash.values "~2.3.0"

lodash.templatesettings@~2.3.0:
  version "2.3.0"
  resolved "https://registry.yarnpkg.com/lodash.templatesettings/-/lodash.templatesettings-2.3.0.tgz#303d132c342710040d5a18efaa2d572fd03f8cdc"
  integrity sha1-MD0TLDQnEAQNWhjvqi1XL9A/jNw=
  dependencies:
    lodash._reinterpolate "~2.3.0"
    lodash.escape "~2.3.0"

lodash.values@~2.3.0:
  version "2.3.0"
  resolved "https://registry.yarnpkg.com/lodash.values/-/lodash.values-2.3.0.tgz#ca96fbe60a20b0b0ec2ba2ba5fc6a765bd14a3ba"
  integrity sha1-ypb75gogsLDsK6K6X8anZb0Uo7o=
  dependencies:
    lodash.keys "~2.3.0"

lru-cache@2:
  version "2.7.3"
  resolved "https://registry.yarnpkg.com/lru-cache/-/lru-cache-2.7.3.tgz#6d4524e8b955f95d4f5b58851ce21dd72fb4e952"
  integrity sha1-bUUk6LlV+V1PW1iFHOId1y+06VI=

minimatch@0.2.x:
  version "0.2.14"
  resolved "https://registry.yarnpkg.com/minimatch/-/minimatch-0.2.14.tgz#c74e780574f63c6f9a090e90efbe6ef53a6a756a"
  integrity sha1-x054BXT2PG+aCQ6Q775u9TpqdWo=
  dependencies:
    lru-cache "2"
    sigmund "~1.0.0"

sigmund@~1.0.0:
  version "1.0.1"
  resolved "https://registry.yarnpkg.com/sigmund/-/sigmund-1.0.1.tgz#3ff21f198cad2175f9f3b781853fd94d0d19b590"
  integrity sha1-P/IfGYytIXX587eBhT/ZTQ0ZtZA=

source-map@0.1.34:
  version "0.1.34"
  resolved "https://registry.yarnpkg.com/source-map/-/source-map-0.1.34.tgz#a7cfe89aec7b1682c3b198d0acfb47d7d090566b"
  integrity sha1-p8/omux7FoLDsZjQrPtH19CQVms=
  dependencies:
    amdefine ">=0.0.4"

source-map@~0.1.x:
  version "0.1.43"
  resolved "https://registry.yarnpkg.com/source-map/-/source-map-0.1.43.tgz#c24bc146ca517c1471f5dacbe2571b2b7f9e3346"
  integrity sha1-wkvBRspRfBRx9drL4lcbK3+eM0Y=
  dependencies:
    amdefine ">=0.0.4"

uglify-js@2.4.x:
  version "2.4.24"
  resolved "https://registry.yarnpkg.com/uglify-js/-/uglify-js-2.4.24.tgz#fad5755c1e1577658bb06ff9ab6e548c95bebd6e"
  integrity sha1-+tV1XB4Vd2WLsG/5q25UjJW+vW4=
  dependencies:
    async "~0.2.6"
    source-map "0.1.34"
    uglify-to-browserify "~1.0.0"
    yargs "~3.5.4"

uglify-to-browserify@~1.0.0:
  version "1.0.2"
  resolved "https://registry.yarnpkg.com/uglify-to-browserify/-/uglify-to-browserify-1.0.2.tgz#6e0924d6bda6b5afe349e39a6d632850a0f882b7"
  integrity sha1-bgkk1r2mta/jSeOabWMoUKD4grc=

utilities@0.0.x:
  version "0.0.40"
  resolved "https://registry.yarnpkg.com/utilities/-/utilities-0.0.40.tgz#316872b282455d5e286b02a5cf91d31f65027a6c"
  integrity sha1-MWhysoJFXV4oawKlz5HTH2UCemw=

window-size@0.1.0:
  version "0.1.0"
  resolved "https://registry.yarnpkg.com/window-size/-/window-size-0.1.0.tgz#5438cd2ea93b202efa3a19fe8887aee7c94f9c9d"
  integrity sha1-VDjNLqk7IC76Ohn+iIeu58lPnJ0=

wordwrap@0.0.2:
  version "0.0.2"
  resolved "https://registry.yarnpkg.com/wordwrap/-/wordwrap-0.0.2.tgz#b79669bb42ecb409f83d583cad52ca17eaa1643f"
  integrity sha1-t5Zpu0LstAn4PVg8rVLKF+qhZD8=

yargs@~3.5.4:
  version "3.5.4"
  resolved "https://registry.yarnpkg.com/yargs/-/yargs-3.5.4.tgz#d8aff8f665e94c34bd259bdebd1bfaf0ddd35361"
  integrity sha1-2K/49mXpTDS9JZvevRv68N3TU2E=
  dependencies:
    camelcase "^1.0.2"
    decamelize "^1.0.0"
    window-size "0.1.0"
    wordwrap "0.0.2"
